
Microsoft Visual Studio Solution File, Format Version 12.00
# Visual Studio Version 17
VisualStudioVersion = 17.14.36623.8
MinimumVisualStudioVersion = 10.0.40219.1
Project("{FAE04EC0-301F-11D3-BF4B-00C04F79EFBC}") = "EvaluacionDiscos", "EvaluacionDiscos\EvaluacionDiscos.csproj", "{E477270F-83B1-47BE-AE6F-DDF38DAEA466}"
EndProject
Project("{FAE04EC0-301F-11D3-BF4B-00C04F79EFBC}") = "dominio", "dominio\dominio.csproj", "{359A5945-27C5-4B45-922B-984FC980E28D}"
EndProject
Project("{FAE04EC0-301F-11D3-BF4B-00C04F79EFBC}") = "sql", "sql\sql.csproj", "{B9029AA3-8CA3-49D7-9C9D-64FFF5B49407}"
EndProject
Global
	GlobalSection(SolutionConfigurationPlatforms) = preSolution
		Debug|Any CPU = Debug|Any CPU
		Release|Any CPU = Release|Any CPU
	EndGlobalSection
	GlobalSection(ProjectConfigurationPlatforms) = postSolution
		{E477270F-83B1-47BE-AE6F-DDF38DAEA466}.Debug|Any CPU.ActiveCfg = Debug|Any CPU
		{E477270F-83B1-47BE-AE6F-DDF38DAEA466}.Debug|Any CPU.Build.0 = Debug|Any CPU
		{E477270F-83B1-47BE-AE6F-DDF38DAEA466}.Release|Any CPU.ActiveCfg = Release|Any CPU
		{E477270F-83B1-47BE-AE6F-DDF38DAEA466}.Release|Any CPU.Build.0 = Release|Any CPU
		{359A5945-27C5-4B45-922B-984FC980E28D}.Debug|Any CPU.ActiveCfg = Debug|Any CPU
		{359A5945-27C5-4B45-922B-984FC980E28D}.Debug|Any CPU.Build.0 = Debug|Any CPU
		{359A5945-27C5-4B45-922B-984FC980E28D}.Release|Any CPU.ActiveCfg = Release|Any CPU
		{359A5945-27C5-4B45-922B-984FC980E28D}.Release|Any CPU.Build.0 = Release|Any CPU
		{B9029AA3-8CA3-49D7-9C9D-64FFF5B49407}.Debug|Any CPU.ActiveCfg = Debug|Any CPU
		{B9029AA3-8CA3-49D7-9C9D-64FFF5B49407}.Debug|Any CPU.Build.0 = Debug|Any CPU
		{B9029AA3-8CA3-49D7-9C9D-64FFF5B49407}.Release|Any CPU.ActiveCfg = Release|Any CPU
		{B9029AA3-8CA3-49D7-9C9D-64FFF5B49407}.Release|Any CPU.Build.0 = Release|Any CPU
	EndGlobalSection
	GlobalSection(SolutionProperties) = preSolution
		HideSolutionNode = FALSE
	EndGlobalSection
	GlobalSection(ExtensibilityGlobals) = postSolution
		SolutionGuid = {F87667DC-913C-4EA2-BEFF-68591D92CE49}
	EndGlobalSection
EndGlobal
